
Microsoft Visual Studio Solution File, Format Version 12.00
# Visual Studio Version 16
VisualStudioVersion = 16.0.34407.143
MinimumVisualStudioVersion = 10.0.40219.1
Project("{FAE04EC0-301F-11D3-BF4B-00C04F79EFBC}") = "Console App Strings and Integers", "Console App Strings and Integers\Console App Strings and Integers.csproj", "{2076AE89-D32E-4D37-AEC5-EAA6B880373C}"
EndProject
Global
	GlobalSection(SolutionConfigurationPlatforms) = preSolution
		Debug|Any CPU = Debug|Any CPU
		Release|Any CPU = Release|Any CPU
	EndGlobalSection
	GlobalSection(ProjectConfigurationPlatforms) = postSolution
		{2076AE89-D32E-4D37-AEC5-EAA6B880373C}.Debug|Any CPU.ActiveCfg = Debug|Any CPU
		{2076AE89-D32E-4D37-AEC5-EAA6B880373C}.Debug|Any CPU.Build.0 = Debug|Any CPU
		{2076AE89-D32E-4D37-AEC5-EAA6B880373C}.Release|Any CPU.ActiveCfg = Release|Any CPU
		{2076AE89-D32E-4D37-AEC5-EAA6B880373C}.Release|Any CPU.Build.0 = Release|Any CPU
	EndGlobalSection
	GlobalSection(SolutionProperties) = preSolution
		HideSolutionNode = FALSE
	EndGlobalSection
	GlobalSection(ExtensibilityGlobals) = postSolution
		SolutionGuid = {C7E12FAA-D908-42DF-86C4-7E0DFCC25F9D}
	EndGlobalSection
EndGlobal
